
Microsoft Visual Studio Solution File, Format Version 12.00
# Visual Studio Version 17
VisualStudioVersion = 17.8.34511.84
MinimumVisualStudioVersion = 10.0.40219.1
Project("{FAE04EC0-301F-11D3-BF4B-00C04F79EFBC}") = "HelloWorldTutorial", "HelloWorldTutorial\HelloWorldTutorial.csproj", "{2B16A96B-F79D-42C6-B3F8-1202BEB737B1}"
EndProject
Global
	GlobalSection(SolutionConfigurationPlatforms) = preSolution
		Debug|Any CPU = Debug|Any CPU
		Release|Any CPU = Release|Any CPU
	EndGlobalSection
	GlobalSection(ProjectConfigurationPlatforms) = postSolution
		{2B16A96B-F79D-42C6-B3F8-1202BEB737B1}.Debug|Any CPU.ActiveCfg = Debug|Any CPU
		{2B16A96B-F79D-42C6-B3F8-1202BEB737B1}.Debug|Any CPU.Build.0 = Debug|Any CPU
		{2B16A96B-F79D-42C6-B3F8-1202BEB737B1}.Release|Any CPU.ActiveCfg = Release|Any CPU
		{2B16A96B-F79D-42C6-B3F8-1202BEB737B1}.Release|Any CPU.Build.0 = Release|Any CPU
	EndGlobalSection
	GlobalSection(SolutionProperties) = preSolution
		HideSolutionNode = FALSE
	EndGlobalSection
	GlobalSection(ExtensibilityGlobals) = postSolution
		SolutionGuid = {37CBD1D3-C6F1-40DB-B217-34F742F5557D}
	EndGlobalSection
EndGlobal
